// !$*UTF8*$!
{
	archiveVersion = 1;
	classes = {
	};
	objectVersion = 46;
	objects = {

/* Begin PBXBuildFile section */
		F50FE20A1EEF879600EB6559 /* AppDelegate.swift in Sources */ = {isa = PBXBuildFile; fileRef = F50FE2091EEF879600EB6559 /* AppDelegate.swift */; };
		F50FE20C1EEF879600EB6559 /* ViewController.swift in Sources */ = {isa = PBXBuildFile; fileRef = F50FE20B1EEF879600EB6559 /* ViewController.swift */; };
		F50FE20F1EEF879600EB6559 /* Main.storyboard in Resources */ = {isa = PBXBuildFile; fileRef = F50FE20D1EEF879600EB6559 /* Main.storyboard */; };
		F50FE2111EEF879600EB6559 /* Assets.xcassets in Resources */ = {isa = PBXBuildFile; fileRef = F50FE2101EEF879600EB6559 /* Assets.xcassets */; };
		F50FE2141EEF879600EB6559 /* LaunchScreen.storyboard in Resources */ = {isa = PBXBuildFile; fileRef = F50FE2121EEF879600EB6559 /* LaunchScreen.storyboard */; };
/* End PBXBuildFile section */

/* Begin PBXFileReference section */
		F50FE2061EEF879600EB6559 /* Day2Seminar.app */ = {isa = PBXFileReference; explicitFileType = wrapper.application; includeInIndex = 0; path = Day2Seminar.app; sourceTree = BUILT_PRODUCTS_DIR; };
		F50FE2091EEF879600EB6559 /* AppDelegate.swift */ = {isa = PBXFileReference; lastKnownFileType = sourcecode.swift; path = AppDelegate.swift; sourceTree = "<group>"; };
		F50FE20B1EEF879600EB6559 /* ViewController.swift */ = {isa = PBXFileReference; lastKnownFileType = sourcecode.swift; path = ViewController.swift; sourceTree = "<group>"; };
		F50FE20E1EEF879600EB6559 /* Base */ = {isa = PBXFileReference; lastKnownFileType = file.storyboard; name = Base; path = Base.lproj/Main.storyboard; sourceTree = "<group>"; };
		F50FE2101EEF879600EB6559 /* Assets.xcassets */ = {isa = PBXFileReference; lastKnownFileType = folder.assetcatalog; path = Assets.xcassets; sourceTree = "<group>"; };
		F50FE2131EEF879600EB6559 /* Base */ = {isa = PBXFileReference; lastKnownFileType = file.storyboard; name = Base; path = Base.lproj/LaunchScreen.storyboard; sourceTree = "<group>"; };
		F50FE2151EEF879600EB6559 /* Info.plist */ = {isa = PBXFileReference; lastKnownFileType = text.plist.xml; path = Info.plist; sourceTree = "<group>"; };
/* End PBXFileReference section */

/* Begin PBXFrameworksBuildPhase section */
		F50FE2031EEF879600EB6559 /* Frameworks */ = {
			isa = PBXFrameworksBuildPhase;
			buildActionMask = 2147483647;
			files = (
			);
			runOnlyForDeploymentPostprocessing = 0;
		};
/* End PBXFrameworksBuildPhase section */

/* Begin PBXGroup section */
		F50FE1FD1EEF879600EB6559 = {
			isa = PBXGroup;
			children = (
				F50FE2081EEF879600EB6559 /* Day2Seminar */,
				F50FE2071EEF879600EB6559 /* Products */,
			);
			sourceTree = "<group>";
		};
		F50FE2071EEF879600EB6559 /* Products */ = {
			isa = PBXGroup;
			children = (
				F50FE2061EEF879600EB6559 /* Day2Seminar.app */,
			);
			name = Products;
			sourceTree = "<group>";
		};
		F50FE2081EEF879600EB6559 /* Day2Seminar */ = {
			isa = PBXGroup;
			children = (
				F50FE2091EEF879600EB6559 /* AppDelegate.swift */,
				F50FE20B1EEF879600EB6559 /* ViewController.swift */,
				F50FE20D1EEF879600EB6559 /* Main.storyboard */,
				F50FE2101EEF879600EB6559 /* Assets.xcassets */,
				F50FE2121EEF879600EB6559 /* LaunchScreen.storyboard */,
				F50FE2151EEF879600EB6559 /* Info.plist */,
			);
			path = Day2Seminar;
			sourceTree = "<group>";
		};
/* End PBXGroup section */

/* Begin PBXNativeTarget section */
		F50FE2051EEF879600EB6559 /* Day2Seminar */ = {
			isa = PBXNativeTarget;
			buildConfigurationList = F50FE2181EEF879600EB6559 /* Build configuration list for PBXNativeTarget "Day2Seminar" */;
			buildPhases = (
				F50FE2021EEF879600EB6559 /* Sources */,
				F50FE2031EEF879600EB6559 /* Frameworks */,
				F50FE2041EEF879600EB6559 /* Resources */,
			);
			buildRules = (
			);
			dependencies = (
			);
			name = Day2Seminar;
			productName = Day2Seminar;
			productReference = F50FE2061EEF879600EB6559 /* Day2Seminar.app */;
			productType = "com.apple.product-type.application";
		};
/* End PBXNativeTarget section */

/* Begin PBXProject section */
		F50FE1FE1EEF879600EB6559 /* Project object */ = {
			isa = PBXProject;
			attributes = {
				LastSwiftUpdateCheck = 0830;
				LastUpgradeCheck = 0830;
				ORGANIZATIONNAME = Sojeng;
				TargetAttributes = {
					F50FE2051EEF879600EB6559 = {
						CreatedOnToolsVersion = 8.3.3;
						ProvisioningStyle = Automatic;
					};
				};
			};
			buildConfigurationList = F50FE2011EEF879600EB6559 /* Build configuration list for PBXProject "Day2Seminar" */;
			compatibilityVersion = "Xcode 3.2";
			developmentRegion = English;
			hasScannedForEncodings = 0;
			knownRegions = (
				en,
				Base,
			);
			mainGroup = F50FE1FD1EEF879600EB6559;
			productRefGroup = F50FE2071EEF879600EB6559 /* Products */;
			projectDirPath = "";
			projectRoot = "";
			targets = (
				F50FE2051EEF879600EB6559 /* Day2Seminar */,
			);
		};
/* End PBXProject section */

/* Begin PBXResourcesBuildPhase section */
		F50FE2041EEF879600EB6559 /* Resources */ = {
			isa = PBXResourcesBuildPhase;
			buildActionMask = 2147483647;
			files = (
				F50FE2141EEF879600EB6559 /* LaunchScreen.storyboard in Resources */,
				F50FE2111EEF879600EB6559 /* Assets.xcassets in Resources */,
				F50FE20F1EEF879600EB6559 /* Main.storyboard in Resources */,
			);
			runOnlyForDeploymentPostprocessing = 0;
		};
/* End PBXResourcesBuildPhase section */

/* Begin PBXSourcesBuildPhase section */
		F50FE2021EEF879600EB6559 /* Sources */ = {
			isa = PBXSourcesBuildPhase;
			buildActionMask = 2147483647;
			files = (
				F50FE20C1EEF879600EB6559 /* ViewController.swift in Sources */,
				F50FE20A1EEF879600EB6559 /* AppDelegate.swift in Sources */,
			);
			runOnlyForDeploymentPostprocessing = 0;
		};
/* End PBXSourcesBuildPhase section */

/* Begin PBXVariantGroup section */
		F50FE20D1EEF879600EB6559 /* Main.storyboard */ = {
			isa = PBXVariantGroup;
			children = (
				F50FE20E1EEF879600EB6559 /* Base */,
			);
			name = Main.storyboard;
			sourceTree = "<group>";
		};
		F50FE2121EEF879600EB6559 /* LaunchScreen.storyboard */ = {
			isa = PBXVariantGroup;
			children = (
				F50FE2131EEF879600EB6559 /* Base */,
			);
			name = LaunchScreen.storyboard;
			sourceTree = "<group>";
		};
/* End PBXVariantGroup section */

/* Begin XCBuildConfiguration section */
		F50FE2161EEF879600EB6559 /* Debug */ = {
			isa = XCBuildConfiguration;
			buildSettings = {
				ALWAYS_SEARCH_USER_PATHS = NO;
				CLANG_ANALYZER_NONNULL = YES;
				CLANG_ANALYZER_NUMBER_OBJECT_CONVERSION = YES_AGGRESSIVE;
				CLANG_CXX_LANGUAGE_STANDARD = "gnu++0x";
				CLANG_CXX_LIBRARY = "libc++";
				CLANG_ENABLE_MODULES = YES;
				CLANG_ENABLE_OBJC_ARC = YES;
				CLANG_WARN_BOOL_CONVERSION = YES;
				CLANG_WARN_CONSTANT_CONVERSION = YES;
				CLANG_WARN_DIRECT_OBJC_ISA_USAGE = YES_ERROR;
				CLANG_WARN_DOCUMENTATION_COMMENTS = YES;
				CLANG_WARN_EMPTY_BODY = YES;
				CLANG_WARN_ENUM_CONVERSION = YES;
				CLANG_WARN_INFINITE_RECURSION = YES;
				CLANG_WARN_INT_CONVERSION = YES;
				CLANG_WARN_OBJC_ROOT_CLASS = YES_ERROR;
				CLANG_WARN_SUSPICIOUS_MOVE = YES;
				CLANG_WARN_UNREACHABLE_CODE = YES;
				CLANG_WARN__DUPLICATE_METHOD_MATCH = YES;
				"CODE_SIGN_IDENTITY[sdk=iphoneos*]" = "iPhone Developer";
				COPY_PHASE_STRIP = NO;
				DEBUG_INFORMATION_FORMAT = dwarf;
				ENABLE_STRICT_OBJC_MSGSEND = YES;
				ENABLE_TESTABILITY = YES;
				GCC_C_LANGUAGE_STANDARD = gnu99;
				GCC_DYNAMIC_NO_PIC = NO;
				GCC_NO_COMMON_BLOCKS = YES;
				GCC_OPTIMIZATION_LEVEL = 0;
				GCC_PREPROCESSOR_DEFINITIONS = (
					"DEBUG=1",
					"$(inherited)",
				);
				GCC_WARN_64_TO_32_BIT_CONVERSION = YES;
				GCC_WARN_ABOUT_RETURN_TYPE = YES_ERROR;
				GCC_WARN_UNDECLARED_SELECTOR = YES;
				GCC_WARN_UNINITIALIZED_AUTOS = YES_AGGRESSIVE;
				GCC_WARN_UNUSED_FUNCTION = YES;
				GCC_WARN_UNUSED_VARIABLE = YES;
				IPHONEOS_DEPLOYMENT_TARGET = 10.3;
				MTL_ENABLE_DEBUG_INFO = YES;
				ONLY_ACTIVE_ARCH = YES;
				SDKROOT = iphoneos;
				SWIFT_ACTIVE_COMPILATION_CONDITIONS = DEBUG;
				SWIFT_OPTIMIZATION_LEVEL = "-Onone";
				TARGETED_DEVICE_FAMILY = "1,2";
			};
			name = Debug;
		};
		F50FE2171EEF879600EB6559 /* Release */ = {
			isa = XCBuildConfiguration;
			buildSettings = {
				ALWAYS_SEARCH_USER_PATHS = NO;
				CLANG_ANALYZER_NONNULL = YES;
				CLANG_ANALYZER_NUMBER_OBJECT_CONVERSION = YES_AGGRESSIVE;
				CLANG_CXX_LANGUAGE_STANDARD = "gnu++0x";
				CLANG_CXX_LIBRARY = "libc++";
				CLANG_ENABLE_MODULES = YES;
				CLANG_ENABLE_OBJC_ARC = YES;
				CLANG_WARN_BOOL_CONVERSION = YES;
				CLANG_WARN_CONSTANT_CONVERSION = YES;
				CLANG_WARN_DIRECT_OBJC_ISA_USAGE = YES_ERROR;
				CLANG_WARN_DOCUMENTATION_COMMENTS = YES;
				CLANG_WARN_EMPTY_BODY = YES;
				CLANG_WARN_ENUM_CONVERSION = YES;
				CLANG_WARN_INFINITE_RECURSION = YES;
				CLANG_WARN_INT_CONVERSION = YES;
				CLANG_WARN_OBJC_ROOT_CLASS = YES_ERROR;
				CLANG_WARN_SUSPICIOUS_MOVE = YES;
				CLANG_WARN_UNREACHABLE_CODE = YES;
				CLANG_WARN__DUPLICATE_METHOD_MATCH = YES;
				"CODE_SIGN_IDENTITY[sdk=iphoneos*]" = "iPhone Developer";
				COPY_PHASE_STRIP = NO;
				DEBUG_INFORMATION_FORMAT = "dwarf-with-dsym";
				ENABLE_NS_ASSERTIONS = NO;
				ENABLE_STRICT_OBJC_MSGSEND = YES;
				GCC_C_LANGUAGE_STANDARD = gnu99;
				GCC_NO_COMMON_BLOCKS = YES;
				GCC_WARN_64_TO_32_BIT_CONVERSION = YES;
				GCC_WARN_ABOUT_RETURN_TYPE = YES_ERROR;
				GCC_WARN_UNDECLARED_SELECTOR = YES;
				GCC_WARN_UNINITIALIZED_AUTOS = YES_AGGRESSIVE;
				GCC_WARN_UNUSED_FUNCTION = YES;
				GCC_WARN_UNUSED_VARIABLE = YES;
				IPHONEOS_DEPLOYMENT_TARGET = 10.3;
				MTL_ENABLE_DEBUG_INFO = NO;
				SDKROOT = iphoneos;
				SWIFT_OPTIMIZATION_LEVEL = "-Owholemodule";
				TARGETED_DEVICE_FAMILY = "1,2";
				VALIDATE_PRODUCT = YES;
			};
			name = Release;
		};
		F50FE2191EEF879600EB6559 /* Debug */ = {
			isa = XCBuildConfiguration;
			buildSettings = {
				ASSETCATALOG_COMPILER_APPICON_NAME = AppIcon;
				INFOPLIST_FILE = Day2Seminar/Info.plist;
				LD_RUNPATH_SEARCH_PATHS = "$(inherited) @executable_path/Frameworks";
				PRODUCT_BUNDLE_IDENTIFIER = SojengID.Day2Seminar;
				PRODUCT_NAME = "$(TARGET_NAME)";
				SWIFT_VERSION = 3.0;
			};
			name = Debug;
		};
		F50FE21A1EEF879600EB6559 /* Release */ = {
			isa = XCBuildConfiguration;
			buildSettings = {
				ASSETCATALOG_COMPILER_APPICON_NAME = AppIcon;
				INFOPLIST_FILE = Day2Seminar/Info.plist;
				LD_RUNPATH_SEARCH_PATHS = "$(inherited) @executable_path/Frameworks";
				PRODUCT_BUNDLE_IDENTIFIER = SojengID.Day2Seminar;
				PRODUCT_NAME = "$(TARGET_NAME)";
				SWIFT_VERSION = 3.0;
			};
			name = Release;
		};
/* End XCBuildConfiguration section */

/* Begin XCConfigurationList section */
		F50FE2011EEF879600EB6559 /* Build configuration list for PBXProject "Day2Seminar" */ = {
			isa = XCConfigurationList;
			buildConfigurations = (
				F50FE2161EEF879600EB6559 /* Debug */,
				F50FE2171EEF879600EB6559 /* Release */,
			);
			defaultConfigurationIsVisible = 0;
			defaultConfigurationName = Release;
		};
		F50FE2181EEF879600EB6559 /* Build configuration list for PBXNativeTarget "Day2Seminar" */ = {
			isa = XCConfigurationList;
			buildConfigurations = (
				F50FE2191EEF879600EB6559 /* Debug */,
				F50FE21A1EEF879600EB6559 /* Release */,
			);
			defaultConfigurationIsVisible = 0;
		};
/* End XCConfigurationList section */
	};
	rootObject = F50FE1FE1EEF879600EB6559 /* Project object */;
}
